{
  "version": 4,
  "terraform_version": "1.5.5",
  "serial": 11,
  "lineage": "bfff9ef7-e8fc-8df6-c7e8-6674c1f077ee",
  "outputs": {
    "zone": {
      "value": "ru-central1-c",
      "type": "string"
    }
  },
  "resources": [
    {
      "mode": "managed",
      "type": "yandex_compute_instance",
      "name": "nat-instance",
      "provider": "provider[\"registry.terraform.io/yandex-cloud/yandex\"]",
      "instances": [
        {
          "schema_version": 1,
          "attributes": {
            "allow_recreate": null,
            "allow_stopping_for_update": null,
            "boot_disk": [
              {
                "auto_delete": true,
                "device_name": "ef3s6gg2ss8ff3miteao",
                "disk_id": "ef3s6gg2ss8ff3miteao",
                "initialize_params": [
                  {
                    "block_size": 4096,
                    "description": "",
                    "image_id": "fd80mrhj8fl2oe87o4e1",
                    "name": "",
                    "size": 3,
                    "snapshot_id": "",
                    "type": "network-hdd"
                  }
                ],
                "mode": "READ_WRITE"
              }
            ],
            "created_at": "2023-08-22T17:16:14Z",
            "description": "",
            "filesystem": [],
            "folder_id": "b1gtb2cjv1rv6ckca0ud",
            "fqdn": "nat-instance.ru-central1.internal",
            "gpu_cluster_id": "",
            "hostname": "nat-instance",
            "id": "ef3q5659jl2eujnskhud",
            "labels": null,
            "local_disk": [],
            "metadata": {
              "ssh-keys": "ubuntu:ssh-rsa AAAAB3NzaC1yc2EAAAADAQABAAABgQC2k2LR7bLsEbXpVTP7hLfMJw2u9/OfjEdDFrqV55/R1UqcwG3zDI8xq+4LTi+ehs7fvcvgJcVzwOE0r1oA63XX7Xhn472Y4lPTGdvEPZaYmNxwyoPf4AVUxXAAEUw0cTo3XUb3CJzRl11sIpoJtU9tWOnJf8Ie4edWAzEdZZJ4nUy1avEU6zteg90Dl0nMO2ryN4+MiUXrR/FvEVrjtK7YjoPMDsAQGNeu2s5GG63xQ7X82//MNMpu4CJ4vptJShBVp+q9AzB+NaRQ3aowIGwZ75ydDZujZgDC/d83p0au6mieEgEQvPxGgKCwLWbrVg5dSyvoNC7o1sdrtlAf3fuT27DxrEMdboFlbWAQTXx8W76m+tJtA6lnRUjDi7i3JKaCfuGDh9WcKPdjBFJH9+kx/QIp2j3ExEb1eNRAg1Gx8+pX83DI85LaUwhGw461OKAJ9gJJQPIFmSJNkYd9ob7qoTS0y09xkX5xznNoHEp02mobZH7fPuzOzYjCl5Zj2e0= mikhail@mikhail-worker4\n"
            },
            "metadata_options": [
              {
                "aws_v1_http_endpoint": 1,
                "aws_v1_http_token": 2,
                "gce_http_endpoint": 1,
                "gce_http_token": 1
              }
            ],
            "name": "nat-instance",
            "network_acceleration_type": "standard",
            "network_interface": [
              {
                "dns_record": [],
                "index": 0,
                "ip_address": "192.168.10.254",
                "ipv4": true,
                "ipv6": false,
                "ipv6_address": "",
                "ipv6_dns_record": [],
                "mac_address": "d0:0d:1a:29:8a:99",
                "nat": true,
                "nat_dns_record": [],
                "nat_ip_address": "51.250.35.130",
                "nat_ip_version": "IPV4",
                "security_group_ids": [],
                "subnet_id": "b0c77gp4arhr2k5fpe68"
              }
            ],
            "placement_policy": [
              {
                "host_affinity_rules": [],
                "placement_group_id": ""
              }
            ],
            "platform_id": "standard-v1",
            "resources": [
              {
                "core_fraction": 100,
                "cores": 2,
                "gpus": 0,
                "memory": 2
              }
            ],
            "scheduling_policy": [
              {
                "preemptible": false
              }
            ],
            "secondary_disk": [],
            "service_account_id": "",
            "status": "running",
            "timeouts": null,
            "zone": "ru-central1-c"
          },
          "sensitive_attributes": [],
          "private": "eyJlMmJmYjczMC1lY2FhLTExZTYtOGY4OC0zNDM2M2JjN2M0YzAiOnsiY3JlYXRlIjozMDAwMDAwMDAwMDAsImRlbGV0ZSI6MzAwMDAwMDAwMDAwLCJ1cGRhdGUiOjMwMDAwMDAwMDAwMH0sInNjaGVtYV92ZXJzaW9uIjoiMSJ9",
          "dependencies": [
            "yandex_vpc_network.netology-vpc-network",
            "yandex_vpc_subnet.public"
          ]
        }
      ]
    },
    {
      "mode": "managed",
      "type": "yandex_compute_instance",
      "name": "private-vm",
      "provider": "provider[\"registry.terraform.io/yandex-cloud/yandex\"]",
      "instances": [
        {
          "schema_version": 1,
          "attributes": {
            "allow_recreate": null,
            "allow_stopping_for_update": null,
            "boot_disk": [
              {
                "auto_delete": true,
                "device_name": "ef323aluaug8vbj4jdv4",
                "disk_id": "ef323aluaug8vbj4jdv4",
                "initialize_params": [
                  {
                    "block_size": 4096,
                    "description": "",
                    "image_id": "fd8bkgba66kkf9eenpkb",
                    "name": "",
                    "size": 8,
                    "snapshot_id": "",
                    "type": "network-hdd"
                  }
                ],
                "mode": "READ_WRITE"
              }
            ],
            "created_at": "2023-08-22T17:16:16Z",
            "description": "",
            "filesystem": [],
            "folder_id": "b1gtb2cjv1rv6ckca0ud",
            "fqdn": "private-vm.ru-central1.internal",
            "gpu_cluster_id": "",
            "hostname": "private-vm",
            "id": "ef3cinoaqi04hb29gvf3",
            "labels": null,
            "local_disk": [],
            "metadata": {
              "ssh-keys": "ubuntu:ssh-rsa AAAAB3NzaC1yc2EAAAADAQABAAABgQC2k2LR7bLsEbXpVTP7hLfMJw2u9/OfjEdDFrqV55/R1UqcwG3zDI8xq+4LTi+ehs7fvcvgJcVzwOE0r1oA63XX7Xhn472Y4lPTGdvEPZaYmNxwyoPf4AVUxXAAEUw0cTo3XUb3CJzRl11sIpoJtU9tWOnJf8Ie4edWAzEdZZJ4nUy1avEU6zteg90Dl0nMO2ryN4+MiUXrR/FvEVrjtK7YjoPMDsAQGNeu2s5GG63xQ7X82//MNMpu4CJ4vptJShBVp+q9AzB+NaRQ3aowIGwZ75ydDZujZgDC/d83p0au6mieEgEQvPxGgKCwLWbrVg5dSyvoNC7o1sdrtlAf3fuT27DxrEMdboFlbWAQTXx8W76m+tJtA6lnRUjDi7i3JKaCfuGDh9WcKPdjBFJH9+kx/QIp2j3ExEb1eNRAg1Gx8+pX83DI85LaUwhGw461OKAJ9gJJQPIFmSJNkYd9ob7qoTS0y09xkX5xznNoHEp02mobZH7fPuzOzYjCl5Zj2e0= mikhail@mikhail-worker4\n"
            },
            "metadata_options": [
              {
                "aws_v1_http_endpoint": 1,
                "aws_v1_http_token": 2,
                "gce_http_endpoint": 1,
                "gce_http_token": 1
              }
            ],
            "name": "private-vm",
            "network_acceleration_type": "standard",
            "network_interface": [
              {
                "dns_record": [],
                "index": 0,
                "ip_address": "192.168.20.27",
                "ipv4": true,
                "ipv6": false,
                "ipv6_address": "",
                "ipv6_dns_record": [],
                "mac_address": "d0:0d:c9:5f:0a:d4",
                "nat": false,
                "nat_dns_record": [],
                "nat_ip_address": "",
                "nat_ip_version": "",
                "security_group_ids": [],
                "subnet_id": "b0cenbh4f7kmi3c2h0mo"
              }
            ],
            "placement_policy": [
              {
                "host_affinity_rules": [],
                "placement_group_id": ""
              }
            ],
            "platform_id": "standard-v1",
            "resources": [
              {
                "core_fraction": 100,
                "cores": 2,
                "gpus": 0,
                "memory": 2
              }
            ],
            "scheduling_policy": [
              {
                "preemptible": false
              }
            ],
            "secondary_disk": [],
            "service_account_id": "",
            "status": "running",
            "timeouts": null,
            "zone": "ru-central1-c"
          },
          "sensitive_attributes": [],
          "private": "eyJlMmJmYjczMC1lY2FhLTExZTYtOGY4OC0zNDM2M2JjN2M0YzAiOnsiY3JlYXRlIjozMDAwMDAwMDAwMDAsImRlbGV0ZSI6MzAwMDAwMDAwMDAwLCJ1cGRhdGUiOjMwMDAwMDAwMDAwMH0sInNjaGVtYV92ZXJzaW9uIjoiMSJ9",
          "dependencies": [
            "yandex_vpc_network.netology-vpc-network",
            "yandex_vpc_route_table.route-table",
            "yandex_vpc_subnet.private"
          ]
        }
      ]
    },
    {
      "mode": "managed",
      "type": "yandex_compute_instance",
      "name": "public-vm",
      "provider": "provider[\"registry.terraform.io/yandex-cloud/yandex\"]",
      "instances": [
        {
          "schema_version": 1,
          "attributes": {
            "allow_recreate": null,
            "allow_stopping_for_update": null,
            "boot_disk": [
              {
                "auto_delete": true,
                "device_name": "ef3kfgmlro2retegero1",
                "disk_id": "ef3kfgmlro2retegero1",
                "initialize_params": [
                  {
                    "block_size": 4096,
                    "description": "",
                    "image_id": "fd8bkgba66kkf9eenpkb",
                    "name": "",
                    "size": 8,
                    "snapshot_id": "",
                    "type": "network-hdd"
                  }
                ],
                "mode": "READ_WRITE"
              }
            ],
            "created_at": "2023-08-22T17:16:14Z",
            "description": "",
            "filesystem": [],
            "folder_id": "b1gtb2cjv1rv6ckca0ud",
            "fqdn": "public-vm.ru-central1.internal",
            "gpu_cluster_id": "",
            "hostname": "public-vm",
            "id": "ef36donagel5t6scvo30",
            "labels": null,
            "local_disk": [],
            "metadata": {
              "ssh-keys": "ubuntu:ssh-rsa AAAAB3NzaC1yc2EAAAADAQABAAABgQC2k2LR7bLsEbXpVTP7hLfMJw2u9/OfjEdDFrqV55/R1UqcwG3zDI8xq+4LTi+ehs7fvcvgJcVzwOE0r1oA63XX7Xhn472Y4lPTGdvEPZaYmNxwyoPf4AVUxXAAEUw0cTo3XUb3CJzRl11sIpoJtU9tWOnJf8Ie4edWAzEdZZJ4nUy1avEU6zteg90Dl0nMO2ryN4+MiUXrR/FvEVrjtK7YjoPMDsAQGNeu2s5GG63xQ7X82//MNMpu4CJ4vptJShBVp+q9AzB+NaRQ3aowIGwZ75ydDZujZgDC/d83p0au6mieEgEQvPxGgKCwLWbrVg5dSyvoNC7o1sdrtlAf3fuT27DxrEMdboFlbWAQTXx8W76m+tJtA6lnRUjDi7i3JKaCfuGDh9WcKPdjBFJH9+kx/QIp2j3ExEb1eNRAg1Gx8+pX83DI85LaUwhGw461OKAJ9gJJQPIFmSJNkYd9ob7qoTS0y09xkX5xznNoHEp02mobZH7fPuzOzYjCl5Zj2e0= mikhail@mikhail-worker4\n"
            },
            "metadata_options": [
              {
                "aws_v1_http_endpoint": 1,
                "aws_v1_http_token": 2,
                "gce_http_endpoint": 1,
                "gce_http_token": 1
              }
            ],
            "name": "public-vm",
            "network_acceleration_type": "standard",
            "network_interface": [
              {
                "dns_record": [],
                "index": 0,
                "ip_address": "192.168.10.16",
                "ipv4": true,
                "ipv6": false,
                "ipv6_address": "",
                "ipv6_dns_record": [],
                "mac_address": "d0:0d:66:e2:ea:83",
                "nat": true,
                "nat_dns_record": [],
                "nat_ip_address": "51.250.33.255",
                "nat_ip_version": "IPV4",
                "security_group_ids": [],
                "subnet_id": "b0c77gp4arhr2k5fpe68"
              }
            ],
            "placement_policy": [
              {
                "host_affinity_rules": [],
                "placement_group_id": ""
              }
            ],
            "platform_id": "standard-v1",
            "resources": [
              {
                "core_fraction": 100,
                "cores": 2,
                "gpus": 0,
                "memory": 2
              }
            ],
            "scheduling_policy": [
              {
                "preemptible": false
              }
            ],
            "secondary_disk": [],
            "service_account_id": "",
            "status": "running",
            "timeouts": null,
            "zone": "ru-central1-c"
          },
          "sensitive_attributes": [],
          "private": "eyJlMmJmYjczMC1lY2FhLTExZTYtOGY4OC0zNDM2M2JjN2M0YzAiOnsiY3JlYXRlIjozMDAwMDAwMDAwMDAsImRlbGV0ZSI6MzAwMDAwMDAwMDAwLCJ1cGRhdGUiOjMwMDAwMDAwMDAwMH0sInNjaGVtYV92ZXJzaW9uIjoiMSJ9",
          "dependencies": [
            "yandex_vpc_network.netology-vpc-network",
            "yandex_vpc_subnet.public"
          ]
        }
      ]
    },
    {
      "mode": "managed",
      "type": "yandex_vpc_network",
      "name": "netology-vpc-network",
      "provider": "provider[\"registry.terraform.io/yandex-cloud/yandex\"]",
      "instances": [
        {
          "schema_version": 0,
          "attributes": {
            "created_at": "2023-08-22T17:16:12Z",
            "default_security_group_id": "",
            "description": "",
            "folder_id": "b1gtb2cjv1rv6ckca0ud",
            "id": "enpqklhst06v8ev0ks0r",
            "labels": {},
            "name": "netology-vpc-network",
            "subnet_ids": [],
            "timeouts": null
          },
          "sensitive_attributes": [],
          "private": "eyJlMmJmYjczMC1lY2FhLTExZTYtOGY4OC0zNDM2M2JjN2M0YzAiOnsiY3JlYXRlIjo2MDAwMDAwMDAwMCwiZGVsZXRlIjo2MDAwMDAwMDAwMCwidXBkYXRlIjo2MDAwMDAwMDAwMH19"
        }
      ]
    },
    {
      "mode": "managed",
      "type": "yandex_vpc_route_table",
      "name": "route-table",
      "provider": "provider[\"registry.terraform.io/yandex-cloud/yandex\"]",
      "instances": [
        {
          "schema_version": 0,
          "attributes": {
            "created_at": "2023-08-22T17:16:13Z",
            "description": "",
            "folder_id": "b1gtb2cjv1rv6ckca0ud",
            "id": "enp55nqmofm339qcrun8",
            "labels": {},
            "name": "route-table",
            "network_id": "enpqklhst06v8ev0ks0r",
            "static_route": [
              {
                "destination_prefix": "0.0.0.0/0",
                "gateway_id": "",
                "next_hop_address": "192.168.10.254"
              }
            ],
            "timeouts": null
          },
          "sensitive_attributes": [],
          "private": "eyJlMmJmYjczMC1lY2FhLTExZTYtOGY4OC0zNDM2M2JjN2M0YzAiOnsiY3JlYXRlIjoxODAwMDAwMDAwMDAsImRlbGV0ZSI6MTgwMDAwMDAwMDAwLCJ1cGRhdGUiOjE4MDAwMDAwMDAwMH19",
          "dependencies": [
            "yandex_vpc_network.netology-vpc-network"
          ]
        }
      ]
    },
    {
      "mode": "managed",
      "type": "yandex_vpc_subnet",
      "name": "private",
      "provider": "provider[\"registry.terraform.io/yandex-cloud/yandex\"]",
      "instances": [
        {
          "schema_version": 0,
          "attributes": {
            "created_at": "2023-08-22T17:16:14Z",
            "description": "",
            "dhcp_options": [],
            "folder_id": "b1gtb2cjv1rv6ckca0ud",
            "id": "b0cenbh4f7kmi3c2h0mo",
            "labels": {},
            "name": "private",
            "network_id": "enpqklhst06v8ev0ks0r",
            "route_table_id": "enp55nqmofm339qcrun8",
            "timeouts": null,
            "v4_cidr_blocks": [
              "192.168.20.0/24"
            ],
            "v6_cidr_blocks": [],
            "zone": "ru-central1-c"
          },
          "sensitive_attributes": [],
          "private": "eyJlMmJmYjczMC1lY2FhLTExZTYtOGY4OC0zNDM2M2JjN2M0YzAiOnsiY3JlYXRlIjoxODAwMDAwMDAwMDAsImRlbGV0ZSI6MTgwMDAwMDAwMDAwLCJ1cGRhdGUiOjE4MDAwMDAwMDAwMH19",
          "dependencies": [
            "yandex_vpc_network.netology-vpc-network",
            "yandex_vpc_route_table.route-table"
          ]
        }
      ]
    },
    {
      "mode": "managed",
      "type": "yandex_vpc_subnet",
      "name": "public",
      "provider": "provider[\"registry.terraform.io/yandex-cloud/yandex\"]",
      "instances": [
        {
          "schema_version": 0,
          "attributes": {
            "created_at": "2023-08-22T17:16:12Z",
            "description": "",
            "dhcp_options": [],
            "folder_id": "b1gtb2cjv1rv6ckca0ud",
            "id": "b0c77gp4arhr2k5fpe68",
            "labels": {},
            "name": "public",
            "network_id": "enpqklhst06v8ev0ks0r",
            "route_table_id": "",
            "timeouts": null,
            "v4_cidr_blocks": [
              "192.168.10.0/24"
            ],
            "v6_cidr_blocks": [],
            "zone": "ru-central1-c"
          },
          "sensitive_attributes": [],
          "private": "eyJlMmJmYjczMC1lY2FhLTExZTYtOGY4OC0zNDM2M2JjN2M0YzAiOnsiY3JlYXRlIjoxODAwMDAwMDAwMDAsImRlbGV0ZSI6MTgwMDAwMDAwMDAwLCJ1cGRhdGUiOjE4MDAwMDAwMDAwMH19",
          "dependencies": [
            "yandex_vpc_network.netology-vpc-network"
          ]
        }
      ]
    }
  ],
  "check_results": null
}
